
Microsoft Visual Studio Solution File, Format Version 12.00
# Visual Studio Version 17
VisualStudioVersion = 17.14.36511.14 d17.14
MinimumVisualStudioVersion = 10.0.40219.1
Project("{FAE04EC0-301F-11D3-BF4B-00C04F79EFBC}") = "ConsoleApp1", "ConsoleApp1\ConsoleApp1.csproj", "{297829E5-FDB5-4905-BC6E-86132196DFDA}"
EndProject
Global
	GlobalSection(SolutionConfigurationPlatforms) = preSolution
		Debug|Any CPU = Debug|Any CPU
		Release|Any CPU = Release|Any CPU
	EndGlobalSection
	GlobalSection(ProjectConfigurationPlatforms) = postSolution
		{297829E5-FDB5-4905-BC6E-86132196DFDA}.Debug|Any CPU.ActiveCfg = Debug|Any CPU
		{297829E5-FDB5-4905-BC6E-86132196DFDA}.Debug|Any CPU.Build.0 = Debug|Any CPU
		{297829E5-FDB5-4905-BC6E-86132196DFDA}.Release|Any CPU.ActiveCfg = Release|Any CPU
		{297829E5-FDB5-4905-BC6E-86132196DFDA}.Release|Any CPU.Build.0 = Release|Any CPU
	EndGlobalSection
	GlobalSection(SolutionProperties) = preSolution
		HideSolutionNode = FALSE
	EndGlobalSection
	GlobalSection(ExtensibilityGlobals) = postSolution
		SolutionGuid = {82992BFD-A5BC-4E50-815A-7B4D19EF27A4}
	EndGlobalSection
EndGlobal
